
Microsoft Visual Studio Solution File, Format Version 12.00
# Visual Studio Version 16
VisualStudioVersion = 16.0.33423.256
MinimumVisualStudioVersion = 10.0.40219.1
Project("{FAE04EC0-301F-11D3-BF4B-00C04F79EFBC}") = "CasinoRoyal", "CasinoRoyal\CasinoRoyal.csproj", "{BBC6B3F1-5C50-4E13-BD1C-B0BD2A5C1186}"
EndProject
Global
	GlobalSection(SolutionConfigurationPlatforms) = preSolution
		Debug|Any CPU = Debug|Any CPU
		Release|Any CPU = Release|Any CPU
	EndGlobalSection
	GlobalSection(ProjectConfigurationPlatforms) = postSolution
		{BBC6B3F1-5C50-4E13-BD1C-B0BD2A5C1186}.Debug|Any CPU.ActiveCfg = Debug|Any CPU
		{BBC6B3F1-5C50-4E13-BD1C-B0BD2A5C1186}.Debug|Any CPU.Build.0 = Debug|Any CPU
		{BBC6B3F1-5C50-4E13-BD1C-B0BD2A5C1186}.Release|Any CPU.ActiveCfg = Release|Any CPU
		{BBC6B3F1-5C50-4E13-BD1C-B0BD2A5C1186}.Release|Any CPU.Build.0 = Release|Any CPU
	EndGlobalSection
	GlobalSection(SolutionProperties) = preSolution
		HideSolutionNode = FALSE
	EndGlobalSection
	GlobalSection(ExtensibilityGlobals) = postSolution
		SolutionGuid = {F2E2DC82-C454-4385-A27F-13EF7C60A7D9}
	EndGlobalSection
EndGlobal
